{
  "requires": true,
  "lockfileVersion": 1,
  "dependencies": {
    "@types/prop-types": {
      "version": "15.5.8",
      "resolved": "https://registry.npmjs.org/@types/prop-types/-/prop-types-15.5.8.tgz",
      "integrity": "sha512-3AQoUxQcQtLHsK25wtTWIoIpgYjH3vSDroZOUr7PpCHw/jLY1RB9z9E8dBT/OSmwStVgkRNvdh+ZHNiomRieaw=="
    },
    "@types/react": {
      "version": "16.8.2",
      "resolved": "https://registry.npmjs.org/@types/react/-/react-16.8.2.tgz",
      "integrity": "sha512-6mcKsqlqkN9xADrwiUz2gm9Wg4iGnlVGciwBRYFQSMWG6MQjhOZ/AVnxn+6v8nslFgfYTV8fNdE6XwKu6va5PA==",
      "requires": {
        "@types/prop-types": "*",
        "csstype": "^2.2.0"
      }
    },
    "@types/react-image-crop": {
      "version": "3.0.1",
      "resolved": "https://registry.npmjs.org/@types/react-image-crop/-/react-image-crop-3.0.1.tgz",
      "integrity": "sha512-ztTGbTPmYgw7hXZfiB/aGJslX3GtuujcW58xoOO8MpreA0iq+J0LWD+0a42kcRizdMuMqANH41J8ydVJoks3tA==",
      "requires": {
        "@types/react": "*"
      }
    },
    "csstype": {
      "version": "2.6.2",
      "resolved": "https://registry.npmjs.org/csstype/-/csstype-2.6.2.tgz",
      "integrity": "sha512-Rl7PvTae0pflc1YtxtKbiSqq20Ts6vpIYOD5WBafl4y123DyHUeLrRdQP66sQW8/6gmX8jrYJLXwNeMqYVJcow=="
    },
    "react-image-crop": {
      "version": "6.0.12",
      "resolved": "https://registry.npmjs.org/react-image-crop/-/react-image-crop-6.0.12.tgz",
      "integrity": "sha512-ngV/hMcyXyTyIcnzNA2fLZU8xoEOq7VT9Vvy7n2QThRBWy1CpmCRLJ+Kn5xg6CEZNe8HLikS6cq/uVjf97VLdg==",
      "requires": {
        "@types/react-image-crop": "^3.0.1"
      }
    }
  }
}
